{
  "version": 1,
  "dependencies": {
    "net10.0": {
      "DSharpPlus": {
        "type": "Direct",
        "requested": "[4.5.2, )",
        "resolved": "4.5.2",
        "contentHash": "4KRG2/moKisPet2H9YNqkryi4YtAozKlZw8Mgn1Z4LcR1N6iVoIh/FaxfzkX5X+LgmaEJpjTldv/qN6km0Iuyg==",
        "dependencies": {
          "Microsoft.Extensions.Logging.Abstractions": "5.0.0",
          "Newtonsoft.Json": "13.0.2"
        }
      },
      "JWT": {
        "type": "Direct",
        "requested": "[11.1.0, )",
        "resolved": "11.1.0",
        "contentHash": "GbmNr2WUyY3Ma0rwuvmTDnE5tIV8gFNDWeua9Fn54HwrpvGfwQzi7HtEAnMgI4quf4MuJr0iwPkt9sKrNCq1Tg==",
        "dependencies": {
          "Newtonsoft.Json": "13.0.4"
        }
      },
      "NetVips": {
        "type": "Direct",
        "requested": "[3.2.0, )",
        "resolved": "3.2.0",
        "contentHash": "ixVatHjsFBBvtKXYwH8jz8nF6OQIhl2e/P0N8ByGaZrlPu9VvcVQxX9zBQ13L8fUpMzKv1WXUybqW8wXZdFsCg=="
      },
      "NetVips.Native.linux-x64": {
        "type": "Direct",
        "requested": "[8.18.4, )",
        "resolved": "8.18.4",
        "contentHash": "Xak3RxcEayDjz+teVU2lVDxBIs8c93vEqR8nRQKFoFaj/gFSJBrx0jb+rEuighRauwKzumfjk4KINwWw6R/d8w=="
      },
      "NetVips.Native.win-x64": {
        "type": "Direct",
        "requested": "[8.18.4, )",
        "resolved": "8.18.4",
        "contentHash": "k6IpFlsf6Od0A0OQP+x7hoY7fWr7lldGOudXLIsxm3JRwnkR8qwm9krJZySbTXJPHXqVgN1P3QcAAgjfWTBGjQ=="
      },
      "Sodium.Core": {
        "type": "Direct",
        "requested": "[1.4.1, )",
        "resolved": "1.4.1",
        "contentHash": "K1Xhi20h9H15UPOa6NDNgW81NYN6AAvVT+v0Jz3n1qLS/nqiWzamWCyHyFxgoriCEMA90L1KQbYrIqBH+zKbrg==",
        "dependencies": {
          "libsodium": "[1.0.22, 1.0.23)"
        }
      },
      "libsodium": {
        "type": "Transitive",
        "resolved": "1.0.22",
        "contentHash": "KPD9SloJFclrsjnhABu7dzWrcyYkwPbvx5l1gRSPAX/0n+OBtSiVCKtGFv4n+ecWUHU0tCG9LSSwoZZx673zBQ=="
      },
      "Microsoft.Extensions.Logging.Abstractions": {
        "type": "Transitive",
        "resolved": "5.0.0",
        "contentHash": "NxP6ahFcBnnSfwNBi2KH2Oz8Xl5Sm2krjId/jRR3I7teFphwiUoUeZPwTNA21EX+5PtjqmyAvKaOeBXcJjcH/w=="
      },
      "Newtonsoft.Json": {
        "type": "Transitive",
        "resolved": "13.0.4",
        "contentHash": "pdgNNMai3zv51W5aq268sujXUyx7SNdE2bj1wZcWjAQrKMFZV260lbqYop1d2GM67JI1huLRwxo9ZqnfF/lC6A=="
      },
      "roblox.configuration": {
        "type": "Project"
      },
      "roblox.logging": {
        "type": "Project"
      },
      "roblox.models": {
        "type": "Project",
        "dependencies": {
          "Roblox.Configuration": "[1.0.0, )"
        }
      }
    }
  }
}