
Microsoft Visual Studio Solution File, Format Version 12.00
# Visual Studio Version 17
VisualStudioVersion = 17.9.34728.123
MinimumVisualStudioVersion = 10.0.40219.1
Project("{9A19103F-16F7-4668-BE54-9A1E7A4F7556}") = "Roblox.Website", "Roblox.Website\Roblox.Website.csproj", "{44FDABDC-B392-4609-AC7E-C396CC1173B8}"
EndProject
Project("{9A19103F-16F7-4668-BE54-9A1E7A4F7556}") = "Roblox.Libraries", "Roblox.Libraries\Roblox.Libraries.csproj", "{83B88CBD-726D-4A6B-BA76-4B97138FD578}"
EndProject
Project("{9A19103F-16F7-4668-BE54-9A1E7A4F7556}") = "Roblox.Libraries.UnitTest", "Roblox.Libraries.UnitTest\Roblox.Libraries.UnitTest.csproj", "{B08874C0-096B-48EF-B438-BAC295508442}"
EndProject
Project("{9A19103F-16F7-4668-BE54-9A1E7A4F7556}") = "Roblox.Dto", "Roblox.Dto\Roblox.Dto.csproj", "{738A4238-4E13-4605-B146-C4EA97A14708}"
EndProject
Project("{9A19103F-16F7-4668-BE54-9A1E7A4F7556}") = "Roblox.Models", "Roblox.Models\Roblox.Models.csproj", "{99DF936F-71B9-4584-B9A0-316B81EE9557}"
EndProject
Project("{9A19103F-16F7-4668-BE54-9A1E7A4F7556}") = "Roblox.Services", "Roblox.Services\Roblox.Services.csproj", "{6980F466-9B2A-4FA5-B15F-A16AA9354E60}"
EndProject
Project("{9A19103F-16F7-4668-BE54-9A1E7A4F7556}") = "Roblox.Rendering", "Roblox.Rendering\Roblox.Rendering.csproj", "{F484154A-A906-4BD1-A666-747DCB17349A}"
EndProject
Project("{9A19103F-16F7-4668-BE54-9A1E7A4F7556}") = "Roblox.Rendering.Contracts", "Roblox.Rendering.Contracts\Roblox.Rendering.Contracts.csproj", "{B23C99A4-8541-4AF0-A9CF-24E849B2F8B7}"
EndProject
Project("{9A19103F-16F7-4668-BE54-9A1E7A4F7556}") = "Roblox.Rendering.Test", "Roblox.Rendering.Test\Roblox.Rendering.Test.csproj", "{8CB4C453-0BF6-4D3A-98DC-3A3D6DE2D094}"
EndProject
Project("{9A19103F-16F7-4668-BE54-9A1E7A4F7556}") = "Roblox.Configuration", "Roblox.Configuration\Roblox.Configuration.csproj", "{15F92C60-6BD9-4739-9B8E-B3F7E0989269}"
EndProject
Project("{9A19103F-16F7-4668-BE54-9A1E7A4F7556}") = "Roblox.Logging", "Roblox.Logging\Roblox.Logging.csproj", "{C2CA602C-FDDE-441F-881B-374A9564EFFE}"
EndProject
Project("{9A19103F-16F7-4668-BE54-9A1E7A4F7556}") = "Roblox.Exceptions", "Roblox.Exceptions\Roblox.Exceptions.csproj", "{A2264037-194B-4950-ADC6-1B4B1E7E4FD6}"
EndProject
Project("{9A19103F-16F7-4668-BE54-9A1E7A4F7556}") = "Roblox.IntegrationTest", "Roblox.IntegrationTest\Roblox.IntegrationTest.csproj", "{E00A6433-4880-4312-833F-227FFA5ED78B}"
EndProject
Project("{9A19103F-16F7-4668-BE54-9A1E7A4F7556}") = "Roblox.AbuseDetection", "Roblox.AbuseDetection\Roblox.AbuseDetection.csproj", "{2F68B700-71E9-4BF8-ACEF-4F33BD4DAE53}"
EndProject
Project("{9A19103F-16F7-4668-BE54-9A1E7A4F7556}") = "Roblox.Metrics", "Roblox.Metrics\Roblox.Metrics.csproj", "{E99E4CBC-2805-4185-83D6-85F046B523A3}"
EndProject
Project("{9A19103F-16F7-4668-BE54-9A1E7A4F7556}") = "Roblox.EconomyChat", "Roblox.EconomyChat\Roblox.EconomyChat.csproj", "{24250E71-4EE0-41E7-9F35-C6CD36CE93A1}"
EndProject
Project("{9A19103F-16F7-4668-BE54-9A1E7A4F7556}") = "Roblox.Cache", "Roblox.Cache\Roblox.Cache.csproj", "{9F8F7284-1971-490E-8738-29526BAC3696}"
EndProject
Project("{9A19103F-16F7-4668-BE54-9A1E7A4F7556}") = "Roblox.UnitTest", "Roblox.UnitTest\Roblox.UnitTest.csproj", "{CC1D327E-F120-435D-80B6-77D2FAD9EF0E}"
EndProject
Project("{FAE04EC0-301F-11D3-BF4B-00C04F79EFBC}") = "Roblox.ApiProxy", "Roblox.ApiProxy\Roblox.ApiProxy.csproj", "{62746833-80E5-4F07-A9F5-B772E63707E8}"
EndProject
Project("{2150E333-8FDC-42A3-9474-1A3956D46DE8}") = "Services", "Services", "{DCBB4417-9323-453F-9530-8D74B5B665FE}"
EndProject
Project("{FAE04EC0-301F-11D3-BF4B-00C04F79EFBC}") = "Roblox.Services.DataStore", "Services\Roblox.Services.DataStore\Roblox.Services.DataStore.csproj", "{B8A40F80-1EE2-49E8-AFEF-92032D5BC72C}"
EndProject
Project("{9A19103F-16F7-4668-BE54-9A1E7A4F7556}") = "Roblox.ServiceDefaults", "Services\Roblox.ServiceDefaults\Roblox.ServiceDefaults.csproj", "{52C45D80-DA73-43AA-A847-B24456E0A209}"
EndProject
Project("{9A19103F-16F7-4668-BE54-9A1E7A4F7556}") = "Roblox.Web.Infrastructure", "Roblox.Web.Infrastructure\Roblox.Web.Infrastructure.csproj", "{BF1DE2BD-CBC3-4122-B9E1-C63FA72F1F7B}"
EndProject
Project("{FAE04EC0-301F-11D3-BF4B-00C04F79EFBC}") = "Roblox.Services.Donation", "Services\Roblox.Services.Donation\Roblox.Services.Donation.csproj", "{78731CF5-E2BB-44FC-A16E-35F50E9CAE93}"
EndProject
Project("{FAE04EC0-301F-11D3-BF4B-00C04F79EFBC}") = "Roblox.Services.Data", "Services\Roblox.Services.Data\Roblox.Services.Data.csproj", "{760DCE08-FF94-4380-A88F-6546E94DC4D1}"
EndProject
Project("{FAE04EC0-301F-11D3-BF4B-00C04F79EFBC}") = "Roblox.Services.Avatar", "Services\Roblox.Services.Avatar\Roblox.Services.Avatar.csproj", "{6274C446-B1DA-4FFA-B5E8-A887071384CA}"
EndProject
Project("{FAE04EC0-301F-11D3-BF4B-00C04F79EFBC}") = "Roblox.Services.Thumbnails", "Services\Roblox.Services.Thumbnails\Roblox.Services.Thumbnails.csproj", "{92584909-3522-46E9-B5BA-CD95D15B2CEB}"
EndProject
Project("{FAE04EC0-301F-11D3-BF4B-00C04F79EFBC}") = "Roblox.Services.Avatar.Tests", "Services\Roblox.Services.Avatar.Tests\Roblox.Services.Avatar.Tests.csproj", "{B57FD423-C3B0-4FD3-A9C6-B89A5A2494E6}"
EndProject
Project("{FAE04EC0-301F-11D3-BF4B-00C04F79EFBC}") = "Roblox.Web.Infrastructure.Tests", "Roblox.Web.Infrastructure.Tests\Roblox.Web.Infrastructure.Tests.csproj", "{900631A7-353E-48F2-9233-23FD502994D0}"
EndProject
Project("{FAE04EC0-301F-11D3-BF4B-00C04F79EFBC}") = "Roblox.Services.Api", "Services\Roblox.Services.Api\Roblox.Services.Api.csproj", "{4FBFB86B-BF1D-4D9A-8C68-CEC883AA73A8}"
EndProject
Project("{FAE04EC0-301F-11D3-BF4B-00C04F79EFBC}") = "Roblox.Services.Api.Tests", "Services\Roblox.Services.Api.Tests\Roblox.Services.Api.Tests.csproj", "{00823C46-33CD-4274-8BA1-EF2E91F896DE}"
EndProject
Project("{FAE04EC0-301F-11D3-BF4B-00C04F79EFBC}") = "Averia.RccServiceArbiter", "Averia.RccServiceArbiter\Averia.RccServiceArbiter.csproj", "{B4C5BBFB-1401-424F-B2C9-3B8C5EEC3235}"
EndProject
Project("{FAE04EC0-301F-11D3-BF4B-00C04F79EFBC}") = "Averia.RccServiceArbiter.Tests", "Averia.RccServiceArbiter.Tests\Averia.RccServiceArbiter.Tests.csproj", "{E7CA6589-90C7-4122-8195-AC0FF9885017}"
EndProject
Project("{FAE04EC0-301F-11D3-BF4B-00C04F79EFBC}") = "Roblox.Services.Users", "Services\Roblox.Services.Users\Roblox.Services.Users.csproj", "{F7B534D3-DDD2-477B-99ED-4E98FDCB424F}"
EndProject
Project("{FAE04EC0-301F-11D3-BF4B-00C04F79EFBC}") = "Roblox.Services.Users.Tests", "Services\Roblox.Services.Users.Tests\Roblox.Services.Users.Tests.csproj", "{940A0956-8416-4C63-960D-494D38DAFBCA}"
EndProject
Project("{FAE04EC0-301F-11D3-BF4B-00C04F79EFBC}") = "Roblox.Services.Admin", "Services\Roblox.Services.Admin\Roblox.Services.Admin.csproj", "{E3FCFDD7-08CF-4EB7-9B99-B2EEBCEAABC0}"
EndProject
Project("{FAE04EC0-301F-11D3-BF4B-00C04F79EFBC}") = "Roblox.ApiProxy.Tests", "Roblox.ApiProxy.Tests\Roblox.ApiProxy.Tests.csproj", "{A295B666-82E1-48C3-89DE-94921D7772E9}"
EndProject
Project("{FAE04EC0-301F-11D3-BF4B-00C04F79EFBC}") = "Roblox.Services.Admin.Tests", "Services\Roblox.Services.Admin.Tests\Roblox.Services.Admin.Tests.csproj", "{1892F4CF-997E-4FD2-8937-F77AA076C644}"
EndProject
Project("{FAE04EC0-301F-11D3-BF4B-00C04F79EFBC}") = "Roblox.Services.Games", "Services\Roblox.Services.Games\Roblox.Services.Games.csproj", "{10EE7753-DC2A-4337-BC82-AEAB8116F4FA}"
EndProject
Global
	GlobalSection(SolutionConfigurationPlatforms) = preSolution
		Debug|Any CPU = Debug|Any CPU
		Debug|x64 = Debug|x64
		Debug|x86 = Debug|x86
		Release|Any CPU = Release|Any CPU
		Release|x64 = Release|x64
		Release|x86 = Release|x86
	EndGlobalSection
	GlobalSection(ProjectConfigurationPlatforms) = postSolution
		{44FDABDC-B392-4609-AC7E-C396CC1173B8}.Debug|Any CPU.ActiveCfg = Debug|Any CPU
		{44FDABDC-B392-4609-AC7E-C396CC1173B8}.Debug|Any CPU.Build.0 = Debug|Any CPU
		{44FDABDC-B392-4609-AC7E-C396CC1173B8}.Debug|x64.ActiveCfg = Debug|Any CPU
		{44FDABDC-B392-4609-AC7E-C396CC1173B8}.Debug|x64.Build.0 = Debug|Any CPU
		{44FDABDC-B392-4609-AC7E-C396CC1173B8}.Debug|x86.ActiveCfg = Debug|Any CPU
		{44FDABDC-B392-4609-AC7E-C396CC1173B8}.Debug|x86.Build.0 = Debug|Any CPU
		{44FDABDC-B392-4609-AC7E-C396CC1173B8}.Release|Any CPU.ActiveCfg = Release|Any CPU
		{44FDABDC-B392-4609-AC7E-C396CC1173B8}.Release|Any CPU.Build.0 = Release|Any CPU
		{44FDABDC-B392-4609-AC7E-C396CC1173B8}.Release|x64.ActiveCfg = Release|Any CPU
		{44FDABDC-B392-4609-AC7E-C396CC1173B8}.Release|x64.Build.0 = Release|Any CPU
		{44FDABDC-B392-4609-AC7E-C396CC1173B8}.Release|x86.ActiveCfg = Release|Any CPU
		{44FDABDC-B392-4609-AC7E-C396CC1173B8}.Release|x86.Build.0 = Release|Any CPU
		{83B88CBD-726D-4A6B-BA76-4B97138FD578}.Debug|Any CPU.ActiveCfg = Debug|Any CPU
		{83B88CBD-726D-4A6B-BA76-4B97138FD578}.Debug|Any CPU.Build.0 = Debug|Any CPU
		{83B88CBD-726D-4A6B-BA76-4B97138FD578}.Debug|x64.ActiveCfg = Debug|Any CPU
		{83B88CBD-726D-4A6B-BA76-4B97138FD578}.Debug|x64.Build.0 = Debug|Any CPU
		{83B88CBD-726D-4A6B-BA76-4B97138FD578}.Debug|x86.ActiveCfg = Debug|Any CPU
		{83B88CBD-726D-4A6B-BA76-4B97138FD578}.Debug|x86.Build.0 = Debug|Any CPU
		{83B88CBD-726D-4A6B-BA76-4B97138FD578}.Release|Any CPU.ActiveCfg = Release|Any CPU
		{83B88CBD-726D-4A6B-BA76-4B97138FD578}.Release|Any CPU.Build.0 = Release|Any CPU
		{83B88CBD-726D-4A6B-BA76-4B97138FD578}.Release|x64.ActiveCfg = Release|Any CPU
		{83B88CBD-726D-4A6B-BA76-4B97138FD578}.Release|x64.Build.0 = Release|Any CPU
		{83B88CBD-726D-4A6B-BA76-4B97138FD578}.Release|x86.ActiveCfg = Release|Any CPU
		{83B88CBD-726D-4A6B-BA76-4B97138FD578}.Release|x86.Build.0 = Release|Any CPU
		{B08874C0-096B-48EF-B438-BAC295508442}.Debug|Any CPU.ActiveCfg = Debug|Any CPU
		{B08874C0-096B-48EF-B438-BAC295508442}.Debug|Any CPU.Build.0 = Debug|Any CPU
		{B08874C0-096B-48EF-B438-BAC295508442}.Debug|x64.ActiveCfg = Debug|Any CPU
		{B08874C0-096B-48EF-B438-BAC295508442}.Debug|x64.Build.0 = Debug|Any CPU
		{B08874C0-096B-48EF-B438-BAC295508442}.Debug|x86.ActiveCfg = Debug|Any CPU
		{B08874C0-096B-48EF-B438-BAC295508442}.Debug|x86.Build.0 = Debug|Any CPU
		{B08874C0-096B-48EF-B438-BAC295508442}.Release|Any CPU.ActiveCfg = Release|Any CPU
		{B08874C0-096B-48EF-B438-BAC295508442}.Release|Any CPU.Build.0 = Release|Any CPU
		{B08874C0-096B-48EF-B438-BAC295508442}.Release|x64.ActiveCfg = Release|Any CPU
		{B08874C0-096B-48EF-B438-BAC295508442}.Release|x64.Build.0 = Release|Any CPU
		{B08874C0-096B-48EF-B438-BAC295508442}.Release|x86.ActiveCfg = Release|Any CPU
		{B08874C0-096B-48EF-B438-BAC295508442}.Release|x86.Build.0 = Release|Any CPU
		{738A4238-4E13-4605-B146-C4EA97A14708}.Debug|Any CPU.ActiveCfg = Debug|Any CPU
		{738A4238-4E13-4605-B146-C4EA97A14708}.Debug|Any CPU.Build.0 = Debug|Any CPU
		{738A4238-4E13-4605-B146-C4EA97A14708}.Debug|x64.ActiveCfg = Debug|Any CPU
		{738A4238-4E13-4605-B146-C4EA97A14708}.Debug|x64.Build.0 = Debug|Any CPU
		{738A4238-4E13-4605-B146-C4EA97A14708}.Debug|x86.ActiveCfg = Debug|Any CPU
		{738A4238-4E13-4605-B146-C4EA97A14708}.Debug|x86.Build.0 = Debug|Any CPU
		{738A4238-4E13-4605-B146-C4EA97A14708}.Release|Any CPU.ActiveCfg = Release|Any CPU
		{738A4238-4E13-4605-B146-C4EA97A14708}.Release|Any CPU.Build.0 = Release|Any CPU
		{738A4238-4E13-4605-B146-C4EA97A14708}.Release|x64.ActiveCfg = Release|Any CPU
		{738A4238-4E13-4605-B146-C4EA97A14708}.Release|x64.Build.0 = Release|Any CPU
		{738A4238-4E13-4605-B146-C4EA97A14708}.Release|x86.ActiveCfg = Release|Any CPU
		{738A4238-4E13-4605-B146-C4EA97A14708}.Release|x86.Build.0 = Release|Any CPU
		{99DF936F-71B9-4584-B9A0-316B81EE9557}.Debug|Any CPU.ActiveCfg = Debug|Any CPU
		{99DF936F-71B9-4584-B9A0-316B81EE9557}.Debug|Any CPU.Build.0 = Debug|Any CPU
		{99DF936F-71B9-4584-B9A0-316B81EE9557}.Debug|x64.ActiveCfg = Debug|Any CPU
		{99DF936F-71B9-4584-B9A0-316B81EE9557}.Debug|x64.Build.0 = Debug|Any CPU
		{99DF936F-71B9-4584-B9A0-316B81EE9557}.Debug|x86.ActiveCfg = Debug|Any CPU
		{99DF936F-71B9-4584-B9A0-316B81EE9557}.Debug|x86.Build.0 = Debug|Any CPU
		{99DF936F-71B9-4584-B9A0-316B81EE9557}.Release|Any CPU.ActiveCfg = Release|Any CPU
		{99DF936F-71B9-4584-B9A0-316B81EE9557}.Release|Any CPU.Build.0 = Release|Any CPU
		{99DF936F-71B9-4584-B9A0-316B81EE9557}.Release|x64.ActiveCfg = Release|Any CPU
		{99DF936F-71B9-4584-B9A0-316B81EE9557}.Release|x64.Build.0 = Release|Any CPU
		{99DF936F-71B9-4584-B9A0-316B81EE9557}.Release|x86.ActiveCfg = Release|Any CPU
		{99DF936F-71B9-4584-B9A0-316B81EE9557}.Release|x86.Build.0 = Release|Any CPU
		{6980F466-9B2A-4FA5-B15F-A16AA9354E60}.Debug|Any CPU.ActiveCfg = Debug|Any CPU
		{6980F466-9B2A-4FA5-B15F-A16AA9354E60}.Debug|Any CPU.Build.0 = Debug|Any CPU
		{6980F466-9B2A-4FA5-B15F-A16AA9354E60}.Debug|x64.ActiveCfg = Debug|Any CPU
		{6980F466-9B2A-4FA5-B15F-A16AA9354E60}.Debug|x64.Build.0 = Debug|Any CPU
		{6980F466-9B2A-4FA5-B15F-A16AA9354E60}.Debug|x86.ActiveCfg = Debug|Any CPU
		{6980F466-9B2A-4FA5-B15F-A16AA9354E60}.Debug|x86.Build.0 = Debug|Any CPU
		{6980F466-9B2A-4FA5-B15F-A16AA9354E60}.Release|Any CPU.ActiveCfg = Release|Any CPU
		{6980F466-9B2A-4FA5-B15F-A16AA9354E60}.Release|Any CPU.Build.0 = Release|Any CPU
		{6980F466-9B2A-4FA5-B15F-A16AA9354E60}.Release|x64.ActiveCfg = Release|Any CPU
		{6980F466-9B2A-4FA5-B15F-A16AA9354E60}.Release|x64.Build.0 = Release|Any CPU
		{6980F466-9B2A-4FA5-B15F-A16AA9354E60}.Release|x86.ActiveCfg = Release|Any CPU
		{6980F466-9B2A-4FA5-B15F-A16AA9354E60}.Release|x86.Build.0 = Release|Any CPU
		{F484154A-A906-4BD1-A666-747DCB17349A}.Debug|Any CPU.ActiveCfg = Debug|Any CPU
		{F484154A-A906-4BD1-A666-747DCB17349A}.Debug|Any CPU.Build.0 = Debug|Any CPU
		{F484154A-A906-4BD1-A666-747DCB17349A}.Debug|x64.ActiveCfg = Debug|Any CPU
		{F484154A-A906-4BD1-A666-747DCB17349A}.Debug|x64.Build.0 = Debug|Any CPU
		{F484154A-A906-4BD1-A666-747DCB17349A}.Debug|x86.ActiveCfg = Debug|Any CPU
		{F484154A-A906-4BD1-A666-747DCB17349A}.Debug|x86.Build.0 = Debug|Any CPU
		{F484154A-A906-4BD1-A666-747DCB17349A}.Release|Any CPU.ActiveCfg = Release|Any CPU
		{F484154A-A906-4BD1-A666-747DCB17349A}.Release|Any CPU.Build.0 = Release|Any CPU
		{F484154A-A906-4BD1-A666-747DCB17349A}.Release|x64.ActiveCfg = Release|Any CPU
		{F484154A-A906-4BD1-A666-747DCB17349A}.Release|x64.Build.0 = Release|Any CPU
		{F484154A-A906-4BD1-A666-747DCB17349A}.Release|x86.ActiveCfg = Release|Any CPU
		{F484154A-A906-4BD1-A666-747DCB17349A}.Release|x86.Build.0 = Release|Any CPU
		{B23C99A4-8541-4AF0-A9CF-24E849B2F8B7}.Debug|Any CPU.ActiveCfg = Debug|Any CPU
		{B23C99A4-8541-4AF0-A9CF-24E849B2F8B7}.Debug|Any CPU.Build.0 = Debug|Any CPU
		{B23C99A4-8541-4AF0-A9CF-24E849B2F8B7}.Debug|x64.ActiveCfg = Debug|Any CPU
		{B23C99A4-8541-4AF0-A9CF-24E849B2F8B7}.Debug|x64.Build.0 = Debug|Any CPU
		{B23C99A4-8541-4AF0-A9CF-24E849B2F8B7}.Debug|x86.ActiveCfg = Debug|Any CPU
		{B23C99A4-8541-4AF0-A9CF-24E849B2F8B7}.Debug|x86.Build.0 = Debug|Any CPU
		{B23C99A4-8541-4AF0-A9CF-24E849B2F8B7}.Release|Any CPU.ActiveCfg = Release|Any CPU
		{B23C99A4-8541-4AF0-A9CF-24E849B2F8B7}.Release|Any CPU.Build.0 = Release|Any CPU
		{B23C99A4-8541-4AF0-A9CF-24E849B2F8B7}.Release|x64.ActiveCfg = Release|Any CPU
		{B23C99A4-8541-4AF0-A9CF-24E849B2F8B7}.Release|x64.Build.0 = Release|Any CPU
		{B23C99A4-8541-4AF0-A9CF-24E849B2F8B7}.Release|x86.ActiveCfg = Release|Any CPU
		{B23C99A4-8541-4AF0-A9CF-24E849B2F8B7}.Release|x86.Build.0 = Release|Any CPU
		{8CB4C453-0BF6-4D3A-98DC-3A3D6DE2D094}.Debug|Any CPU.ActiveCfg = Debug|Any CPU
		{8CB4C453-0BF6-4D3A-98DC-3A3D6DE2D094}.Debug|Any CPU.Build.0 = Debug|Any CPU
		{8CB4C453-0BF6-4D3A-98DC-3A3D6DE2D094}.Debug|x64.ActiveCfg = Debug|Any CPU
		{8CB4C453-0BF6-4D3A-98DC-3A3D6DE2D094}.Debug|x64.Build.0 = Debug|Any CPU
		{8CB4C453-0BF6-4D3A-98DC-3A3D6DE2D094}.Debug|x86.ActiveCfg = Debug|Any CPU
		{8CB4C453-0BF6-4D3A-98DC-3A3D6DE2D094}.Debug|x86.Build.0 = Debug|Any CPU
		{8CB4C453-0BF6-4D3A-98DC-3A3D6DE2D094}.Release|Any CPU.ActiveCfg = Release|Any CPU
		{8CB4C453-0BF6-4D3A-98DC-3A3D6DE2D094}.Release|Any CPU.Build.0 = Release|Any CPU
		{8CB4C453-0BF6-4D3A-98DC-3A3D6DE2D094}.Release|x64.ActiveCfg = Release|Any CPU
		{8CB4C453-0BF6-4D3A-98DC-3A3D6DE2D094}.Release|x64.Build.0 = Release|Any CPU
		{8CB4C453-0BF6-4D3A-98DC-3A3D6DE2D094}.Release|x86.ActiveCfg = Release|Any CPU
		{8CB4C453-0BF6-4D3A-98DC-3A3D6DE2D094}.Release|x86.Build.0 = Release|Any CPU
		{15F92C60-6BD9-4739-9B8E-B3F7E0989269}.Debug|Any CPU.ActiveCfg = Debug|Any CPU
		{15F92C60-6BD9-4739-9B8E-B3F7E0989269}.Debug|Any CPU.Build.0 = Debug|Any CPU
		{15F92C60-6BD9-4739-9B8E-B3F7E0989269}.Debug|x64.ActiveCfg = Debug|Any CPU
		{15F92C60-6BD9-4739-9B8E-B3F7E0989269}.Debug|x64.Build.0 = Debug|Any CPU
		{15F92C60-6BD9-4739-9B8E-B3F7E0989269}.Debug|x86.ActiveCfg = Debug|Any CPU
		{15F92C60-6BD9-4739-9B8E-B3F7E0989269}.Debug|x86.Build.0 = Debug|Any CPU
		{15F92C60-6BD9-4739-9B8E-B3F7E0989269}.Release|Any CPU.ActiveCfg = Release|Any CPU
		{15F92C60-6BD9-4739-9B8E-B3F7E0989269}.Release|Any CPU.Build.0 = Release|Any CPU
		{15F92C60-6BD9-4739-9B8E-B3F7E0989269}.Release|x64.ActiveCfg = Release|Any CPU
		{15F92C60-6BD9-4739-9B8E-B3F7E0989269}.Release|x64.Build.0 = Release|Any CPU
		{15F92C60-6BD9-4739-9B8E-B3F7E0989269}.Release|x86.ActiveCfg = Release|Any CPU
		{15F92C60-6BD9-4739-9B8E-B3F7E0989269}.Release|x86.Build.0 = Release|Any CPU
		{C2CA602C-FDDE-441F-881B-374A9564EFFE}.Debug|Any CPU.ActiveCfg = Debug|Any CPU
		{C2CA602C-FDDE-441F-881B-374A9564EFFE}.Debug|Any CPU.Build.0 = Debug|Any CPU
		{C2CA602C-FDDE-441F-881B-374A9564EFFE}.Debug|x64.ActiveCfg = Debug|Any CPU
		{C2CA602C-FDDE-441F-881B-374A9564EFFE}.Debug|x64.Build.0 = Debug|Any CPU
		{C2CA602C-FDDE-441F-881B-374A9564EFFE}.Debug|x86.ActiveCfg = Debug|Any CPU
		{C2CA602C-FDDE-441F-881B-374A9564EFFE}.Debug|x86.Build.0 = Debug|Any CPU
		{C2CA602C-FDDE-441F-881B-374A9564EFFE}.Release|Any CPU.ActiveCfg = Release|Any CPU
		{C2CA602C-FDDE-441F-881B-374A9564EFFE}.Release|Any CPU.Build.0 = Release|Any CPU
		{C2CA602C-FDDE-441F-881B-374A9564EFFE}.Release|x64.ActiveCfg = Release|Any CPU
		{C2CA602C-FDDE-441F-881B-374A9564EFFE}.Release|x64.Build.0 = Release|Any CPU
		{C2CA602C-FDDE-441F-881B-374A9564EFFE}.Release|x86.ActiveCfg = Release|Any CPU
		{C2CA602C-FDDE-441F-881B-374A9564EFFE}.Release|x86.Build.0 = Release|Any CPU
		{A2264037-194B-4950-ADC6-1B4B1E7E4FD6}.Debug|Any CPU.ActiveCfg = Debug|Any CPU
		{A2264037-194B-4950-ADC6-1B4B1E7E4FD6}.Debug|Any CPU.Build.0 = Debug|Any CPU
		{A2264037-194B-4950-ADC6-1B4B1E7E4FD6}.Debug|x64.ActiveCfg = Debug|Any CPU
		{A2264037-194B-4950-ADC6-1B4B1E7E4FD6}.Debug|x64.Build.0 = Debug|Any CPU
		{A2264037-194B-4950-ADC6-1B4B1E7E4FD6}.Debug|x86.ActiveCfg = Debug|Any CPU
		{A2264037-194B-4950-ADC6-1B4B1E7E4FD6}.Debug|x86.Build.0 = Debug|Any CPU
		{A2264037-194B-4950-ADC6-1B4B1E7E4FD6}.Release|Any CPU.ActiveCfg = Release|Any CPU
		{A2264037-194B-4950-ADC6-1B4B1E7E4FD6}.Release|Any CPU.Build.0 = Release|Any CPU
		{A2264037-194B-4950-ADC6-1B4B1E7E4FD6}.Release|x64.ActiveCfg = Release|Any CPU
		{A2264037-194B-4950-ADC6-1B4B1E7E4FD6}.Release|x64.Build.0 = Release|Any CPU
		{A2264037-194B-4950-ADC6-1B4B1E7E4FD6}.Release|x86.ActiveCfg = Release|Any CPU
		{A2264037-194B-4950-ADC6-1B4B1E7E4FD6}.Release|x86.Build.0 = Release|Any CPU
		{E00A6433-4880-4312-833F-227FFA5ED78B}.Debug|Any CPU.ActiveCfg = Debug|Any CPU
		{E00A6433-4880-4312-833F-227FFA5ED78B}.Debug|Any CPU.Build.0 = Debug|Any CPU
		{E00A6433-4880-4312-833F-227FFA5ED78B}.Debug|x64.ActiveCfg = Debug|Any CPU
		{E00A6433-4880-4312-833F-227FFA5ED78B}.Debug|x64.Build.0 = Debug|Any CPU
		{E00A6433-4880-4312-833F-227FFA5ED78B}.Debug|x86.ActiveCfg = Debug|Any CPU
		{E00A6433-4880-4312-833F-227FFA5ED78B}.Debug|x86.Build.0 = Debug|Any CPU
		{E00A6433-4880-4312-833F-227FFA5ED78B}.Release|Any CPU.ActiveCfg = Release|Any CPU
		{E00A6433-4880-4312-833F-227FFA5ED78B}.Release|Any CPU.Build.0 = Release|Any CPU
		{E00A6433-4880-4312-833F-227FFA5ED78B}.Release|x64.ActiveCfg = Release|Any CPU
		{E00A6433-4880-4312-833F-227FFA5ED78B}.Release|x64.Build.0 = Release|Any CPU
		{E00A6433-4880-4312-833F-227FFA5ED78B}.Release|x86.ActiveCfg = Release|Any CPU
		{E00A6433-4880-4312-833F-227FFA5ED78B}.Release|x86.Build.0 = Release|Any CPU
		{2F68B700-71E9-4BF8-ACEF-4F33BD4DAE53}.Debug|Any CPU.ActiveCfg = Debug|Any CPU
		{2F68B700-71E9-4BF8-ACEF-4F33BD4DAE53}.Debug|Any CPU.Build.0 = Debug|Any CPU
		{2F68B700-71E9-4BF8-ACEF-4F33BD4DAE53}.Debug|x64.ActiveCfg = Debug|Any CPU
		{2F68B700-71E9-4BF8-ACEF-4F33BD4DAE53}.Debug|x64.Build.0 = Debug|Any CPU
		{2F68B700-71E9-4BF8-ACEF-4F33BD4DAE53}.Debug|x86.ActiveCfg = Debug|Any CPU
		{2F68B700-71E9-4BF8-ACEF-4F33BD4DAE53}.Debug|x86.Build.0 = Debug|Any CPU
		{2F68B700-71E9-4BF8-ACEF-4F33BD4DAE53}.Release|Any CPU.ActiveCfg = Release|Any CPU
		{2F68B700-71E9-4BF8-ACEF-4F33BD4DAE53}.Release|Any CPU.Build.0 = Release|Any CPU
		{2F68B700-71E9-4BF8-ACEF-4F33BD4DAE53}.Release|x64.ActiveCfg = Release|Any CPU
		{2F68B700-71E9-4BF8-ACEF-4F33BD4DAE53}.Release|x64.Build.0 = Release|Any CPU
		{2F68B700-71E9-4BF8-ACEF-4F33BD4DAE53}.Release|x86.ActiveCfg = Release|Any CPU
		{2F68B700-71E9-4BF8-ACEF-4F33BD4DAE53}.Release|x86.Build.0 = Release|Any CPU
		{E99E4CBC-2805-4185-83D6-85F046B523A3}.Debug|Any CPU.ActiveCfg = Debug|Any CPU
		{E99E4CBC-2805-4185-83D6-85F046B523A3}.Debug|Any CPU.Build.0 = Debug|Any CPU
		{E99E4CBC-2805-4185-83D6-85F046B523A3}.Debug|x64.ActiveCfg = Debug|Any CPU
		{E99E4CBC-2805-4185-83D6-85F046B523A3}.Debug|x64.Build.0 = Debug|Any CPU
		{E99E4CBC-2805-4185-83D6-85F046B523A3}.Debug|x86.ActiveCfg = Debug|Any CPU
		{E99E4CBC-2805-4185-83D6-85F046B523A3}.Debug|x86.Build.0 = Debug|Any CPU
		{E99E4CBC-2805-4185-83D6-85F046B523A3}.Release|Any CPU.ActiveCfg = Release|Any CPU
		{E99E4CBC-2805-4185-83D6-85F046B523A3}.Release|Any CPU.Build.0 = Release|Any CPU
		{E99E4CBC-2805-4185-83D6-85F046B523A3}.Release|x64.ActiveCfg = Release|Any CPU
		{E99E4CBC-2805-4185-83D6-85F046B523A3}.Release|x64.Build.0 = Release|Any CPU
		{E99E4CBC-2805-4185-83D6-85F046B523A3}.Release|x86.ActiveCfg = Release|Any CPU
		{E99E4CBC-2805-4185-83D6-85F046B523A3}.Release|x86.Build.0 = Release|Any CPU
		{24250E71-4EE0-41E7-9F35-C6CD36CE93A1}.Debug|Any CPU.ActiveCfg = Debug|Any CPU
		{24250E71-4EE0-41E7-9F35-C6CD36CE93A1}.Debug|Any CPU.Build.0 = Debug|Any CPU
		{24250E71-4EE0-41E7-9F35-C6CD36CE93A1}.Debug|x64.ActiveCfg = Debug|Any CPU
		{24250E71-4EE0-41E7-9F35-C6CD36CE93A1}.Debug|x64.Build.0 = Debug|Any CPU
		{24250E71-4EE0-41E7-9F35-C6CD36CE93A1}.Debug|x86.ActiveCfg = Debug|Any CPU
		{24250E71-4EE0-41E7-9F35-C6CD36CE93A1}.Debug|x86.Build.0 = Debug|Any CPU
		{24250E71-4EE0-41E7-9F35-C6CD36CE93A1}.Release|Any CPU.ActiveCfg = Release|Any CPU
		{24250E71-4EE0-41E7-9F35-C6CD36CE93A1}.Release|Any CPU.Build.0 = Release|Any CPU
		{24250E71-4EE0-41E7-9F35-C6CD36CE93A1}.Release|x64.ActiveCfg = Release|Any CPU
		{24250E71-4EE0-41E7-9F35-C6CD36CE93A1}.Release|x64.Build.0 = Release|Any CPU
		{24250E71-4EE0-41E7-9F35-C6CD36CE93A1}.Release|x86.ActiveCfg = Release|Any CPU
		{24250E71-4EE0-41E7-9F35-C6CD36CE93A1}.Release|x86.Build.0 = Release|Any CPU
		{9F8F7284-1971-490E-8738-29526BAC3696}.Debug|Any CPU.ActiveCfg = Debug|Any CPU
		{9F8F7284-1971-490E-8738-29526BAC3696}.Debug|Any CPU.Build.0 = Debug|Any CPU
		{9F8F7284-1971-490E-8738-29526BAC3696}.Debug|x64.ActiveCfg = Debug|Any CPU
		{9F8F7284-1971-490E-8738-29526BAC3696}.Debug|x64.Build.0 = Debug|Any CPU
		{9F8F7284-1971-490E-8738-29526BAC3696}.Debug|x86.ActiveCfg = Debug|Any CPU
		{9F8F7284-1971-490E-8738-29526BAC3696}.Debug|x86.Build.0 = Debug|Any CPU
		{9F8F7284-1971-490E-8738-29526BAC3696}.Release|Any CPU.ActiveCfg = Release|Any CPU
		{9F8F7284-1971-490E-8738-29526BAC3696}.Release|Any CPU.Build.0 = Release|Any CPU
		{9F8F7284-1971-490E-8738-29526BAC3696}.Release|x64.ActiveCfg = Release|Any CPU
		{9F8F7284-1971-490E-8738-29526BAC3696}.Release|x64.Build.0 = Release|Any CPU
		{9F8F7284-1971-490E-8738-29526BAC3696}.Release|x86.ActiveCfg = Release|Any CPU
		{9F8F7284-1971-490E-8738-29526BAC3696}.Release|x86.Build.0 = Release|Any CPU
		{CC1D327E-F120-435D-80B6-77D2FAD9EF0E}.Debug|Any CPU.ActiveCfg = Debug|Any CPU
		{CC1D327E-F120-435D-80B6-77D2FAD9EF0E}.Debug|Any CPU.Build.0 = Debug|Any CPU
		{CC1D327E-F120-435D-80B6-77D2FAD9EF0E}.Debug|x64.ActiveCfg = Debug|Any CPU
		{CC1D327E-F120-435D-80B6-77D2FAD9EF0E}.Debug|x64.Build.0 = Debug|Any CPU
		{CC1D327E-F120-435D-80B6-77D2FAD9EF0E}.Debug|x86.ActiveCfg = Debug|Any CPU
		{CC1D327E-F120-435D-80B6-77D2FAD9EF0E}.Debug|x86.Build.0 = Debug|Any CPU
		{CC1D327E-F120-435D-80B6-77D2FAD9EF0E}.Release|Any CPU.ActiveCfg = Release|Any CPU
		{CC1D327E-F120-435D-80B6-77D2FAD9EF0E}.Release|Any CPU.Build.0 = Release|Any CPU
		{CC1D327E-F120-435D-80B6-77D2FAD9EF0E}.Release|x64.ActiveCfg = Release|Any CPU
		{CC1D327E-F120-435D-80B6-77D2FAD9EF0E}.Release|x64.Build.0 = Release|Any CPU
		{CC1D327E-F120-435D-80B6-77D2FAD9EF0E}.Release|x86.ActiveCfg = Release|Any CPU
		{CC1D327E-F120-435D-80B6-77D2FAD9EF0E}.Release|x86.Build.0 = Release|Any CPU
		{62746833-80E5-4F07-A9F5-B772E63707E8}.Debug|Any CPU.ActiveCfg = Debug|Any CPU
		{62746833-80E5-4F07-A9F5-B772E63707E8}.Debug|Any CPU.Build.0 = Debug|Any CPU
		{62746833-80E5-4F07-A9F5-B772E63707E8}.Debug|x64.ActiveCfg = Debug|Any CPU
		{62746833-80E5-4F07-A9F5-B772E63707E8}.Debug|x64.Build.0 = Debug|Any CPU
		{62746833-80E5-4F07-A9F5-B772E63707E8}.Debug|x86.ActiveCfg = Debug|Any CPU
		{62746833-80E5-4F07-A9F5-B772E63707E8}.Debug|x86.Build.0 = Debug|Any CPU
		{62746833-80E5-4F07-A9F5-B772E63707E8}.Release|Any CPU.ActiveCfg = Release|Any CPU
		{62746833-80E5-4F07-A9F5-B772E63707E8}.Release|Any CPU.Build.0 = Release|Any CPU
		{62746833-80E5-4F07-A9F5-B772E63707E8}.Release|x64.ActiveCfg = Release|Any CPU
		{62746833-80E5-4F07-A9F5-B772E63707E8}.Release|x64.Build.0 = Release|Any CPU
		{62746833-80E5-4F07-A9F5-B772E63707E8}.Release|x86.ActiveCfg = Release|Any CPU
		{62746833-80E5-4F07-A9F5-B772E63707E8}.Release|x86.Build.0 = Release|Any CPU
		{B8A40F80-1EE2-49E8-AFEF-92032D5BC72C}.Debug|Any CPU.ActiveCfg = Debug|Any CPU
		{B8A40F80-1EE2-49E8-AFEF-92032D5BC72C}.Debug|Any CPU.Build.0 = Debug|Any CPU
		{B8A40F80-1EE2-49E8-AFEF-92032D5BC72C}.Debug|x64.ActiveCfg = Debug|Any CPU
		{B8A40F80-1EE2-49E8-AFEF-92032D5BC72C}.Debug|x64.Build.0 = Debug|Any CPU
		{B8A40F80-1EE2-49E8-AFEF-92032D5BC72C}.Debug|x86.ActiveCfg = Debug|Any CPU
		{B8A40F80-1EE2-49E8-AFEF-92032D5BC72C}.Debug|x86.Build.0 = Debug|Any CPU
		{B8A40F80-1EE2-49E8-AFEF-92032D5BC72C}.Release|Any CPU.ActiveCfg = Release|Any CPU
		{B8A40F80-1EE2-49E8-AFEF-92032D5BC72C}.Release|Any CPU.Build.0 = Release|Any CPU
		{B8A40F80-1EE2-49E8-AFEF-92032D5BC72C}.Release|x64.ActiveCfg = Release|Any CPU
		{B8A40F80-1EE2-49E8-AFEF-92032D5BC72C}.Release|x64.Build.0 = Release|Any CPU
		{B8A40F80-1EE2-49E8-AFEF-92032D5BC72C}.Release|x86.ActiveCfg = Release|Any CPU
		{B8A40F80-1EE2-49E8-AFEF-92032D5BC72C}.Release|x86.Build.0 = Release|Any CPU
		{52C45D80-DA73-43AA-A847-B24456E0A209}.Debug|Any CPU.ActiveCfg = Debug|Any CPU
		{52C45D80-DA73-43AA-A847-B24456E0A209}.Debug|Any CPU.Build.0 = Debug|Any CPU
		{52C45D80-DA73-43AA-A847-B24456E0A209}.Debug|x64.ActiveCfg = Debug|Any CPU
		{52C45D80-DA73-43AA-A847-B24456E0A209}.Debug|x64.Build.0 = Debug|Any CPU
		{52C45D80-DA73-43AA-A847-B24456E0A209}.Debug|x86.ActiveCfg = Debug|Any CPU
		{52C45D80-DA73-43AA-A847-B24456E0A209}.Debug|x86.Build.0 = Debug|Any CPU
		{52C45D80-DA73-43AA-A847-B24456E0A209}.Release|Any CPU.ActiveCfg = Release|Any CPU
		{52C45D80-DA73-43AA-A847-B24456E0A209}.Release|Any CPU.Build.0 = Release|Any CPU
		{52C45D80-DA73-43AA-A847-B24456E0A209}.Release|x64.ActiveCfg = Release|Any CPU
		{52C45D80-DA73-43AA-A847-B24456E0A209}.Release|x64.Build.0 = Release|Any CPU
		{52C45D80-DA73-43AA-A847-B24456E0A209}.Release|x86.ActiveCfg = Release|Any CPU
		{52C45D80-DA73-43AA-A847-B24456E0A209}.Release|x86.Build.0 = Release|Any CPU
		{BF1DE2BD-CBC3-4122-B9E1-C63FA72F1F7B}.Debug|Any CPU.ActiveCfg = Debug|Any CPU
		{BF1DE2BD-CBC3-4122-B9E1-C63FA72F1F7B}.Debug|Any CPU.Build.0 = Debug|Any CPU
		{BF1DE2BD-CBC3-4122-B9E1-C63FA72F1F7B}.Debug|x64.ActiveCfg = Debug|Any CPU
		{BF1DE2BD-CBC3-4122-B9E1-C63FA72F1F7B}.Debug|x64.Build.0 = Debug|Any CPU
		{BF1DE2BD-CBC3-4122-B9E1-C63FA72F1F7B}.Debug|x86.ActiveCfg = Debug|Any CPU
		{BF1DE2BD-CBC3-4122-B9E1-C63FA72F1F7B}.Debug|x86.Build.0 = Debug|Any CPU
		{BF1DE2BD-CBC3-4122-B9E1-C63FA72F1F7B}.Release|Any CPU.ActiveCfg = Release|Any CPU
		{BF1DE2BD-CBC3-4122-B9E1-C63FA72F1F7B}.Release|Any CPU.Build.0 = Release|Any CPU
		{BF1DE2BD-CBC3-4122-B9E1-C63FA72F1F7B}.Release|x64.ActiveCfg = Release|Any CPU
		{BF1DE2BD-CBC3-4122-B9E1-C63FA72F1F7B}.Release|x64.Build.0 = Release|Any CPU
		{BF1DE2BD-CBC3-4122-B9E1-C63FA72F1F7B}.Release|x86.ActiveCfg = Release|Any CPU
		{BF1DE2BD-CBC3-4122-B9E1-C63FA72F1F7B}.Release|x86.Build.0 = Release|Any CPU
		{78731CF5-E2BB-44FC-A16E-35F50E9CAE93}.Debug|Any CPU.ActiveCfg = Debug|Any CPU
		{78731CF5-E2BB-44FC-A16E-35F50E9CAE93}.Debug|Any CPU.Build.0 = Debug|Any CPU
		{78731CF5-E2BB-44FC-A16E-35F50E9CAE93}.Debug|x64.ActiveCfg = Debug|Any CPU
		{78731CF5-E2BB-44FC-A16E-35F50E9CAE93}.Debug|x64.Build.0 = Debug|Any CPU
		{78731CF5-E2BB-44FC-A16E-35F50E9CAE93}.Debug|x86.ActiveCfg = Debug|Any CPU
		{78731CF5-E2BB-44FC-A16E-35F50E9CAE93}.Debug|x86.Build.0 = Debug|Any CPU
		{78731CF5-E2BB-44FC-A16E-35F50E9CAE93}.Release|Any CPU.ActiveCfg = Release|Any CPU
		{78731CF5-E2BB-44FC-A16E-35F50E9CAE93}.Release|Any CPU.Build.0 = Release|Any CPU
		{78731CF5-E2BB-44FC-A16E-35F50E9CAE93}.Release|x64.ActiveCfg = Release|Any CPU
		{78731CF5-E2BB-44FC-A16E-35F50E9CAE93}.Release|x64.Build.0 = Release|Any CPU
		{78731CF5-E2BB-44FC-A16E-35F50E9CAE93}.Release|x86.ActiveCfg = Release|Any CPU
		{78731CF5-E2BB-44FC-A16E-35F50E9CAE93}.Release|x86.Build.0 = Release|Any CPU
		{760DCE08-FF94-4380-A88F-6546E94DC4D1}.Debug|Any CPU.ActiveCfg = Debug|Any CPU
		{760DCE08-FF94-4380-A88F-6546E94DC4D1}.Debug|Any CPU.Build.0 = Debug|Any CPU
		{760DCE08-FF94-4380-A88F-6546E94DC4D1}.Debug|x64.ActiveCfg = Debug|Any CPU
		{760DCE08-FF94-4380-A88F-6546E94DC4D1}.Debug|x64.Build.0 = Debug|Any CPU
		{760DCE08-FF94-4380-A88F-6546E94DC4D1}.Debug|x86.ActiveCfg = Debug|Any CPU
		{760DCE08-FF94-4380-A88F-6546E94DC4D1}.Debug|x86.Build.0 = Debug|Any CPU
		{760DCE08-FF94-4380-A88F-6546E94DC4D1}.Release|Any CPU.ActiveCfg = Release|Any CPU
		{760DCE08-FF94-4380-A88F-6546E94DC4D1}.Release|Any CPU.Build.0 = Release|Any CPU
		{760DCE08-FF94-4380-A88F-6546E94DC4D1}.Release|x64.ActiveCfg = Release|Any CPU
		{760DCE08-FF94-4380-A88F-6546E94DC4D1}.Release|x64.Build.0 = Release|Any CPU
		{760DCE08-FF94-4380-A88F-6546E94DC4D1}.Release|x86.ActiveCfg = Release|Any CPU
		{760DCE08-FF94-4380-A88F-6546E94DC4D1}.Release|x86.Build.0 = Release|Any CPU
		{6274C446-B1DA-4FFA-B5E8-A887071384CA}.Debug|Any CPU.ActiveCfg = Debug|Any CPU
		{6274C446-B1DA-4FFA-B5E8-A887071384CA}.Debug|Any CPU.Build.0 = Debug|Any CPU
		{6274C446-B1DA-4FFA-B5E8-A887071384CA}.Debug|x64.ActiveCfg = Debug|Any CPU
		{6274C446-B1DA-4FFA-B5E8-A887071384CA}.Debug|x64.Build.0 = Debug|Any CPU
		{6274C446-B1DA-4FFA-B5E8-A887071384CA}.Debug|x86.ActiveCfg = Debug|Any CPU
		{6274C446-B1DA-4FFA-B5E8-A887071384CA}.Debug|x86.Build.0 = Debug|Any CPU
		{6274C446-B1DA-4FFA-B5E8-A887071384CA}.Release|Any CPU.ActiveCfg = Release|Any CPU
		{6274C446-B1DA-4FFA-B5E8-A887071384CA}.Release|Any CPU.Build.0 = Release|Any CPU
		{6274C446-B1DA-4FFA-B5E8-A887071384CA}.Release|x64.ActiveCfg = Release|Any CPU
		{6274C446-B1DA-4FFA-B5E8-A887071384CA}.Release|x64.Build.0 = Release|Any CPU
		{6274C446-B1DA-4FFA-B5E8-A887071384CA}.Release|x86.ActiveCfg = Release|Any CPU
		{6274C446-B1DA-4FFA-B5E8-A887071384CA}.Release|x86.Build.0 = Release|Any CPU
		{92584909-3522-46E9-B5BA-CD95D15B2CEB}.Debug|Any CPU.ActiveCfg = Debug|Any CPU
		{92584909-3522-46E9-B5BA-CD95D15B2CEB}.Debug|Any CPU.Build.0 = Debug|Any CPU
		{92584909-3522-46E9-B5BA-CD95D15B2CEB}.Debug|x64.ActiveCfg = Debug|Any CPU
		{92584909-3522-46E9-B5BA-CD95D15B2CEB}.Debug|x64.Build.0 = Debug|Any CPU
		{92584909-3522-46E9-B5BA-CD95D15B2CEB}.Debug|x86.ActiveCfg = Debug|Any CPU
		{92584909-3522-46E9-B5BA-CD95D15B2CEB}.Debug|x86.Build.0 = Debug|Any CPU
		{92584909-3522-46E9-B5BA-CD95D15B2CEB}.Release|Any CPU.ActiveCfg = Release|Any CPU
		{92584909-3522-46E9-B5BA-CD95D15B2CEB}.Release|Any CPU.Build.0 = Release|Any CPU
		{92584909-3522-46E9-B5BA-CD95D15B2CEB}.Release|x64.ActiveCfg = Release|Any CPU
		{92584909-3522-46E9-B5BA-CD95D15B2CEB}.Release|x64.Build.0 = Release|Any CPU
		{92584909-3522-46E9-B5BA-CD95D15B2CEB}.Release|x86.ActiveCfg = Release|Any CPU
		{92584909-3522-46E9-B5BA-CD95D15B2CEB}.Release|x86.Build.0 = Release|Any CPU
		{B57FD423-C3B0-4FD3-A9C6-B89A5A2494E6}.Debug|Any CPU.ActiveCfg = Debug|Any CPU
		{B57FD423-C3B0-4FD3-A9C6-B89A5A2494E6}.Debug|Any CPU.Build.0 = Debug|Any CPU
		{B57FD423-C3B0-4FD3-A9C6-B89A5A2494E6}.Debug|x64.ActiveCfg = Debug|Any CPU
		{B57FD423-C3B0-4FD3-A9C6-B89A5A2494E6}.Debug|x64.Build.0 = Debug|Any CPU
		{B57FD423-C3B0-4FD3-A9C6-B89A5A2494E6}.Debug|x86.ActiveCfg = Debug|Any CPU
		{B57FD423-C3B0-4FD3-A9C6-B89A5A2494E6}.Debug|x86.Build.0 = Debug|Any CPU
		{B57FD423-C3B0-4FD3-A9C6-B89A5A2494E6}.Release|Any CPU.ActiveCfg = Release|Any CPU
		{B57FD423-C3B0-4FD3-A9C6-B89A5A2494E6}.Release|Any CPU.Build.0 = Release|Any CPU
		{B57FD423-C3B0-4FD3-A9C6-B89A5A2494E6}.Release|x64.ActiveCfg = Release|Any CPU
		{B57FD423-C3B0-4FD3-A9C6-B89A5A2494E6}.Release|x64.Build.0 = Release|Any CPU
		{B57FD423-C3B0-4FD3-A9C6-B89A5A2494E6}.Release|x86.ActiveCfg = Release|Any CPU
		{B57FD423-C3B0-4FD3-A9C6-B89A5A2494E6}.Release|x86.Build.0 = Release|Any CPU
		{900631A7-353E-48F2-9233-23FD502994D0}.Debug|Any CPU.ActiveCfg = Debug|Any CPU
		{900631A7-353E-48F2-9233-23FD502994D0}.Debug|Any CPU.Build.0 = Debug|Any CPU
		{900631A7-353E-48F2-9233-23FD502994D0}.Debug|x64.ActiveCfg = Debug|Any CPU
		{900631A7-353E-48F2-9233-23FD502994D0}.Debug|x64.Build.0 = Debug|Any CPU
		{900631A7-353E-48F2-9233-23FD502994D0}.Debug|x86.ActiveCfg = Debug|Any CPU
		{900631A7-353E-48F2-9233-23FD502994D0}.Debug|x86.Build.0 = Debug|Any CPU
		{900631A7-353E-48F2-9233-23FD502994D0}.Release|Any CPU.ActiveCfg = Release|Any CPU
		{900631A7-353E-48F2-9233-23FD502994D0}.Release|Any CPU.Build.0 = Release|Any CPU
		{900631A7-353E-48F2-9233-23FD502994D0}.Release|x64.ActiveCfg = Release|Any CPU
		{900631A7-353E-48F2-9233-23FD502994D0}.Release|x64.Build.0 = Release|Any CPU
		{900631A7-353E-48F2-9233-23FD502994D0}.Release|x86.ActiveCfg = Release|Any CPU
		{900631A7-353E-48F2-9233-23FD502994D0}.Release|x86.Build.0 = Release|Any CPU
		{4FBFB86B-BF1D-4D9A-8C68-CEC883AA73A8}.Debug|Any CPU.ActiveCfg = Debug|Any CPU
		{4FBFB86B-BF1D-4D9A-8C68-CEC883AA73A8}.Debug|Any CPU.Build.0 = Debug|Any CPU
		{4FBFB86B-BF1D-4D9A-8C68-CEC883AA73A8}.Debug|x64.ActiveCfg = Debug|Any CPU
		{4FBFB86B-BF1D-4D9A-8C68-CEC883AA73A8}.Debug|x64.Build.0 = Debug|Any CPU
		{4FBFB86B-BF1D-4D9A-8C68-CEC883AA73A8}.Debug|x86.ActiveCfg = Debug|Any CPU
		{4FBFB86B-BF1D-4D9A-8C68-CEC883AA73A8}.Debug|x86.Build.0 = Debug|Any CPU
		{4FBFB86B-BF1D-4D9A-8C68-CEC883AA73A8}.Release|Any CPU.ActiveCfg = Release|Any CPU
		{4FBFB86B-BF1D-4D9A-8C68-CEC883AA73A8}.Release|Any CPU.Build.0 = Release|Any CPU
		{4FBFB86B-BF1D-4D9A-8C68-CEC883AA73A8}.Release|x64.ActiveCfg = Release|Any CPU
		{4FBFB86B-BF1D-4D9A-8C68-CEC883AA73A8}.Release|x64.Build.0 = Release|Any CPU
		{4FBFB86B-BF1D-4D9A-8C68-CEC883AA73A8}.Release|x86.ActiveCfg = Release|Any CPU
		{4FBFB86B-BF1D-4D9A-8C68-CEC883AA73A8}.Release|x86.Build.0 = Release|Any CPU
		{00823C46-33CD-4274-8BA1-EF2E91F896DE}.Debug|Any CPU.ActiveCfg = Debug|Any CPU
		{00823C46-33CD-4274-8BA1-EF2E91F896DE}.Debug|Any CPU.Build.0 = Debug|Any CPU
		{00823C46-33CD-4274-8BA1-EF2E91F896DE}.Debug|x64.ActiveCfg = Debug|Any CPU
		{00823C46-33CD-4274-8BA1-EF2E91F896DE}.Debug|x64.Build.0 = Debug|Any CPU
		{00823C46-33CD-4274-8BA1-EF2E91F896DE}.Debug|x86.ActiveCfg = Debug|Any CPU
		{00823C46-33CD-4274-8BA1-EF2E91F896DE}.Debug|x86.Build.0 = Debug|Any CPU
		{00823C46-33CD-4274-8BA1-EF2E91F896DE}.Release|Any CPU.ActiveCfg = Release|Any CPU
		{00823C46-33CD-4274-8BA1-EF2E91F896DE}.Release|Any CPU.Build.0 = Release|Any CPU
		{00823C46-33CD-4274-8BA1-EF2E91F896DE}.Release|x64.ActiveCfg = Release|Any CPU
		{00823C46-33CD-4274-8BA1-EF2E91F896DE}.Release|x64.Build.0 = Release|Any CPU
		{00823C46-33CD-4274-8BA1-EF2E91F896DE}.Release|x86.ActiveCfg = Release|Any CPU
		{00823C46-33CD-4274-8BA1-EF2E91F896DE}.Release|x86.Build.0 = Release|Any CPU
		{B4C5BBFB-1401-424F-B2C9-3B8C5EEC3235}.Debug|Any CPU.ActiveCfg = Debug|Any CPU
		{B4C5BBFB-1401-424F-B2C9-3B8C5EEC3235}.Debug|Any CPU.Build.0 = Debug|Any CPU
		{B4C5BBFB-1401-424F-B2C9-3B8C5EEC3235}.Debug|x64.ActiveCfg = Debug|Any CPU
		{B4C5BBFB-1401-424F-B2C9-3B8C5EEC3235}.Debug|x64.Build.0 = Debug|Any CPU
		{B4C5BBFB-1401-424F-B2C9-3B8C5EEC3235}.Debug|x86.ActiveCfg = Debug|Any CPU
		{B4C5BBFB-1401-424F-B2C9-3B8C5EEC3235}.Debug|x86.Build.0 = Debug|Any CPU
		{B4C5BBFB-1401-424F-B2C9-3B8C5EEC3235}.Release|Any CPU.ActiveCfg = Release|Any CPU
		{B4C5BBFB-1401-424F-B2C9-3B8C5EEC3235}.Release|Any CPU.Build.0 = Release|Any CPU
		{B4C5BBFB-1401-424F-B2C9-3B8C5EEC3235}.Release|x64.ActiveCfg = Release|Any CPU
		{B4C5BBFB-1401-424F-B2C9-3B8C5EEC3235}.Release|x64.Build.0 = Release|Any CPU
		{B4C5BBFB-1401-424F-B2C9-3B8C5EEC3235}.Release|x86.ActiveCfg = Release|Any CPU
		{B4C5BBFB-1401-424F-B2C9-3B8C5EEC3235}.Release|x86.Build.0 = Release|Any CPU
		{E7CA6589-90C7-4122-8195-AC0FF9885017}.Debug|Any CPU.ActiveCfg = Debug|Any CPU
		{E7CA6589-90C7-4122-8195-AC0FF9885017}.Debug|Any CPU.Build.0 = Debug|Any CPU
		{E7CA6589-90C7-4122-8195-AC0FF9885017}.Debug|x64.ActiveCfg = Debug|Any CPU
		{E7CA6589-90C7-4122-8195-AC0FF9885017}.Debug|x64.Build.0 = Debug|Any CPU
		{E7CA6589-90C7-4122-8195-AC0FF9885017}.Debug|x86.ActiveCfg = Debug|Any CPU
		{E7CA6589-90C7-4122-8195-AC0FF9885017}.Debug|x86.Build.0 = Debug|Any CPU
		{E7CA6589-90C7-4122-8195-AC0FF9885017}.Release|Any CPU.ActiveCfg = Release|Any CPU
		{E7CA6589-90C7-4122-8195-AC0FF9885017}.Release|Any CPU.Build.0 = Release|Any CPU
		{E7CA6589-90C7-4122-8195-AC0FF9885017}.Release|x64.ActiveCfg = Release|Any CPU
		{E7CA6589-90C7-4122-8195-AC0FF9885017}.Release|x64.Build.0 = Release|Any CPU
		{E7CA6589-90C7-4122-8195-AC0FF9885017}.Release|x86.ActiveCfg = Release|Any CPU
		{E7CA6589-90C7-4122-8195-AC0FF9885017}.Release|x86.Build.0 = Release|Any CPU
		{F7B534D3-DDD2-477B-99ED-4E98FDCB424F}.Debug|Any CPU.ActiveCfg = Debug|Any CPU
		{F7B534D3-DDD2-477B-99ED-4E98FDCB424F}.Debug|Any CPU.Build.0 = Debug|Any CPU
		{F7B534D3-DDD2-477B-99ED-4E98FDCB424F}.Debug|x64.ActiveCfg = Debug|Any CPU
		{F7B534D3-DDD2-477B-99ED-4E98FDCB424F}.Debug|x64.Build.0 = Debug|Any CPU
		{F7B534D3-DDD2-477B-99ED-4E98FDCB424F}.Debug|x86.ActiveCfg = Debug|Any CPU
		{F7B534D3-DDD2-477B-99ED-4E98FDCB424F}.Debug|x86.Build.0 = Debug|Any CPU
		{F7B534D3-DDD2-477B-99ED-4E98FDCB424F}.Release|Any CPU.ActiveCfg = Release|Any CPU
		{F7B534D3-DDD2-477B-99ED-4E98FDCB424F}.Release|Any CPU.Build.0 = Release|Any CPU
		{F7B534D3-DDD2-477B-99ED-4E98FDCB424F}.Release|x64.ActiveCfg = Release|Any CPU
		{F7B534D3-DDD2-477B-99ED-4E98FDCB424F}.Release|x64.Build.0 = Release|Any CPU
		{F7B534D3-DDD2-477B-99ED-4E98FDCB424F}.Release|x86.ActiveCfg = Release|Any CPU
		{F7B534D3-DDD2-477B-99ED-4E98FDCB424F}.Release|x86.Build.0 = Release|Any CPU
		{940A0956-8416-4C63-960D-494D38DAFBCA}.Debug|Any CPU.ActiveCfg = Debug|Any CPU
		{940A0956-8416-4C63-960D-494D38DAFBCA}.Debug|Any CPU.Build.0 = Debug|Any CPU
		{940A0956-8416-4C63-960D-494D38DAFBCA}.Debug|x64.ActiveCfg = Debug|Any CPU
		{940A0956-8416-4C63-960D-494D38DAFBCA}.Debug|x64.Build.0 = Debug|Any CPU
		{940A0956-8416-4C63-960D-494D38DAFBCA}.Debug|x86.ActiveCfg = Debug|Any CPU
		{940A0956-8416-4C63-960D-494D38DAFBCA}.Debug|x86.Build.0 = Debug|Any CPU
		{940A0956-8416-4C63-960D-494D38DAFBCA}.Release|Any CPU.ActiveCfg = Release|Any CPU
		{940A0956-8416-4C63-960D-494D38DAFBCA}.Release|Any CPU.Build.0 = Release|Any CPU
		{940A0956-8416-4C63-960D-494D38DAFBCA}.Release|x64.ActiveCfg = Release|Any CPU
		{940A0956-8416-4C63-960D-494D38DAFBCA}.Release|x64.Build.0 = Release|Any CPU
		{940A0956-8416-4C63-960D-494D38DAFBCA}.Release|x86.ActiveCfg = Release|Any CPU
		{940A0956-8416-4C63-960D-494D38DAFBCA}.Release|x86.Build.0 = Release|Any CPU
		{E3FCFDD7-08CF-4EB7-9B99-B2EEBCEAABC0}.Debug|Any CPU.ActiveCfg = Debug|Any CPU
		{E3FCFDD7-08CF-4EB7-9B99-B2EEBCEAABC0}.Debug|Any CPU.Build.0 = Debug|Any CPU
		{E3FCFDD7-08CF-4EB7-9B99-B2EEBCEAABC0}.Debug|x64.ActiveCfg = Debug|Any CPU
		{E3FCFDD7-08CF-4EB7-9B99-B2EEBCEAABC0}.Debug|x64.Build.0 = Debug|Any CPU
		{E3FCFDD7-08CF-4EB7-9B99-B2EEBCEAABC0}.Debug|x86.ActiveCfg = Debug|Any CPU
		{E3FCFDD7-08CF-4EB7-9B99-B2EEBCEAABC0}.Debug|x86.Build.0 = Debug|Any CPU
		{E3FCFDD7-08CF-4EB7-9B99-B2EEBCEAABC0}.Release|Any CPU.ActiveCfg = Release|Any CPU
		{E3FCFDD7-08CF-4EB7-9B99-B2EEBCEAABC0}.Release|Any CPU.Build.0 = Release|Any CPU
		{E3FCFDD7-08CF-4EB7-9B99-B2EEBCEAABC0}.Release|x64.ActiveCfg = Release|Any CPU
		{E3FCFDD7-08CF-4EB7-9B99-B2EEBCEAABC0}.Release|x64.Build.0 = Release|Any CPU
		{E3FCFDD7-08CF-4EB7-9B99-B2EEBCEAABC0}.Release|x86.ActiveCfg = Release|Any CPU
		{E3FCFDD7-08CF-4EB7-9B99-B2EEBCEAABC0}.Release|x86.Build.0 = Release|Any CPU
		{A295B666-82E1-48C3-89DE-94921D7772E9}.Debug|Any CPU.ActiveCfg = Debug|Any CPU
		{A295B666-82E1-48C3-89DE-94921D7772E9}.Debug|Any CPU.Build.0 = Debug|Any CPU
		{A295B666-82E1-48C3-89DE-94921D7772E9}.Debug|x64.ActiveCfg = Debug|Any CPU
		{A295B666-82E1-48C3-89DE-94921D7772E9}.Debug|x64.Build.0 = Debug|Any CPU
		{A295B666-82E1-48C3-89DE-94921D7772E9}.Debug|x86.ActiveCfg = Debug|Any CPU
		{A295B666-82E1-48C3-89DE-94921D7772E9}.Debug|x86.Build.0 = Debug|Any CPU
		{A295B666-82E1-48C3-89DE-94921D7772E9}.Release|Any CPU.ActiveCfg = Release|Any CPU
		{A295B666-82E1-48C3-89DE-94921D7772E9}.Release|Any CPU.Build.0 = Release|Any CPU
		{A295B666-82E1-48C3-89DE-94921D7772E9}.Release|x64.ActiveCfg = Release|Any CPU
		{A295B666-82E1-48C3-89DE-94921D7772E9}.Release|x64.Build.0 = Release|Any CPU
		{A295B666-82E1-48C3-89DE-94921D7772E9}.Release|x86.ActiveCfg = Release|Any CPU
		{A295B666-82E1-48C3-89DE-94921D7772E9}.Release|x86.Build.0 = Release|Any CPU
		{1892F4CF-997E-4FD2-8937-F77AA076C644}.Debug|Any CPU.ActiveCfg = Debug|Any CPU
		{1892F4CF-997E-4FD2-8937-F77AA076C644}.Debug|Any CPU.Build.0 = Debug|Any CPU
		{1892F4CF-997E-4FD2-8937-F77AA076C644}.Debug|x64.ActiveCfg = Debug|Any CPU
		{1892F4CF-997E-4FD2-8937-F77AA076C644}.Debug|x64.Build.0 = Debug|Any CPU
		{1892F4CF-997E-4FD2-8937-F77AA076C644}.Debug|x86.ActiveCfg = Debug|Any CPU
		{1892F4CF-997E-4FD2-8937-F77AA076C644}.Debug|x86.Build.0 = Debug|Any CPU
		{1892F4CF-997E-4FD2-8937-F77AA076C644}.Release|Any CPU.ActiveCfg = Release|Any CPU
		{1892F4CF-997E-4FD2-8937-F77AA076C644}.Release|Any CPU.Build.0 = Release|Any CPU
		{1892F4CF-997E-4FD2-8937-F77AA076C644}.Release|x64.ActiveCfg = Release|Any CPU
		{1892F4CF-997E-4FD2-8937-F77AA076C644}.Release|x64.Build.0 = Release|Any CPU
		{1892F4CF-997E-4FD2-8937-F77AA076C644}.Release|x86.ActiveCfg = Release|Any CPU
		{1892F4CF-997E-4FD2-8937-F77AA076C644}.Release|x86.Build.0 = Release|Any CPU
		{10EE7753-DC2A-4337-BC82-AEAB8116F4FA}.Debug|Any CPU.ActiveCfg = Debug|Any CPU
		{10EE7753-DC2A-4337-BC82-AEAB8116F4FA}.Debug|Any CPU.Build.0 = Debug|Any CPU
		{10EE7753-DC2A-4337-BC82-AEAB8116F4FA}.Debug|x64.ActiveCfg = Debug|Any CPU
		{10EE7753-DC2A-4337-BC82-AEAB8116F4FA}.Debug|x64.Build.0 = Debug|Any CPU
		{10EE7753-DC2A-4337-BC82-AEAB8116F4FA}.Debug|x86.ActiveCfg = Debug|Any CPU
		{10EE7753-DC2A-4337-BC82-AEAB8116F4FA}.Debug|x86.Build.0 = Debug|Any CPU
		{10EE7753-DC2A-4337-BC82-AEAB8116F4FA}.Release|Any CPU.ActiveCfg = Release|Any CPU
		{10EE7753-DC2A-4337-BC82-AEAB8116F4FA}.Release|Any CPU.Build.0 = Release|Any CPU
		{10EE7753-DC2A-4337-BC82-AEAB8116F4FA}.Release|x64.ActiveCfg = Release|Any CPU
		{10EE7753-DC2A-4337-BC82-AEAB8116F4FA}.Release|x64.Build.0 = Release|Any CPU
		{10EE7753-DC2A-4337-BC82-AEAB8116F4FA}.Release|x86.ActiveCfg = Release|Any CPU
		{10EE7753-DC2A-4337-BC82-AEAB8116F4FA}.Release|x86.Build.0 = Release|Any CPU
	EndGlobalSection
	GlobalSection(SolutionProperties) = preSolution
		HideSolutionNode = FALSE
	EndGlobalSection
	GlobalSection(NestedProjects) = preSolution
		{B8A40F80-1EE2-49E8-AFEF-92032D5BC72C} = {DCBB4417-9323-453F-9530-8D74B5B665FE}
		{52C45D80-DA73-43AA-A847-B24456E0A209} = {DCBB4417-9323-453F-9530-8D74B5B665FE}
		{78731CF5-E2BB-44FC-A16E-35F50E9CAE93} = {DCBB4417-9323-453F-9530-8D74B5B665FE}
		{760DCE08-FF94-4380-A88F-6546E94DC4D1} = {DCBB4417-9323-453F-9530-8D74B5B665FE}
		{6274C446-B1DA-4FFA-B5E8-A887071384CA} = {DCBB4417-9323-453F-9530-8D74B5B665FE}
		{92584909-3522-46E9-B5BA-CD95D15B2CEB} = {DCBB4417-9323-453F-9530-8D74B5B665FE}
		{B57FD423-C3B0-4FD3-A9C6-B89A5A2494E6} = {DCBB4417-9323-453F-9530-8D74B5B665FE}
		{4FBFB86B-BF1D-4D9A-8C68-CEC883AA73A8} = {DCBB4417-9323-453F-9530-8D74B5B665FE}
		{00823C46-33CD-4274-8BA1-EF2E91F896DE} = {DCBB4417-9323-453F-9530-8D74B5B665FE}
		{F7B534D3-DDD2-477B-99ED-4E98FDCB424F} = {DCBB4417-9323-453F-9530-8D74B5B665FE}
		{940A0956-8416-4C63-960D-494D38DAFBCA} = {DCBB4417-9323-453F-9530-8D74B5B665FE}
		{E3FCFDD7-08CF-4EB7-9B99-B2EEBCEAABC0} = {DCBB4417-9323-453F-9530-8D74B5B665FE}
		{1892F4CF-997E-4FD2-8937-F77AA076C644} = {DCBB4417-9323-453F-9530-8D74B5B665FE}
		{10EE7753-DC2A-4337-BC82-AEAB8116F4FA} = {DCBB4417-9323-453F-9530-8D74B5B665FE}
	EndGlobalSection
EndGlobal
