{
  "version": 1,
  "dependencies": {
    "net10.0": {
      "Yarp.ReverseProxy": {
        "type": "Direct",
        "requested": "[2.3.0, )",
        "resolved": "2.3.0",
        "contentHash": "gxtkN3a+9biu9V9Zd5NaTO6VZWXAnS2mhQ0R/VXmSPoTuiQNZsakKikrKpDtKxrL5nUYzbRsHtl40WNq+ZBKKg==",
        "dependencies": {
          "System.IO.Hashing": "8.0.0"
        }
      },
      "AWSSDK.Core": {
        "type": "Transitive",
        "resolved": "4.0.100.6",
        "contentHash": "n5B+GywQ+B6E92ULn75KzF1Mn9USXZocgAkZ6NTDsYgHQFfXldC2+CBZgpg/by2OuuJ/TvEeRwHDCE+0xRBsFw=="
      },
      "AWSSDK.S3": {
        "type": "Transitive",
        "resolved": "4.0.101.3",
        "contentHash": "WT2Ae507GcFE2SFZwHpGNcGaCR0GvNS4Ea2+iuSTwYxlTid4YPVLjpUQlU34gB2CNII8TwdkvHWBbqh7va0ZWA==",
        "dependencies": {
          "AWSSDK.Core": "[4.0.100.6, 5.0.0)"
        }
      },
      "CsvHelper": {
        "type": "Transitive",
        "resolved": "33.1.0",
        "contentHash": "kqfTOZGrn7NarNeXgjh86JcpTHUoeQDMB8t9NVa/ZtlSYiV1rxfRnQ49WaJsob4AiGrbK0XDzpyKkBwai4F8eg=="
      },
      "Dapper": {
        "type": "Transitive",
        "resolved": "2.1.79",
        "contentHash": "8YijbzgTfmqmQOnVNorYM6K++pxqnW3nJ4aC1sRHzxUA2CcuoJ9gsTem3kgBnPRMc38zZHl4Esb6hAezXIEEuw=="
      },
      "Dapper.Contrib": {
        "type": "Transitive",
        "resolved": "2.0.78",
        "contentHash": "sUfDVIf8LlHNiz3MfUFodeyRiemfN1JFkPxYjCxFWlwNPg1iQ49mB+0E89TkywWs4X8fiRWOVDQgtH5FtzK5Kw==",
        "dependencies": {
          "Dapper": "2.0.78"
        }
      },
      "Dapper.SqlBuilder": {
        "type": "Transitive",
        "resolved": "2.1.66",
        "contentHash": "9IXuQtNy/+74NyTeiV1pug++zO0yDXn0UxnEjg8sfXn8wPou/hsRdlrMPkKdmqhp+fxd0qJA6Dd91plu1AHVBw==",
        "dependencies": {
          "Dapper": "2.1.66"
        }
      },
      "DSharpPlus": {
        "type": "Transitive",
        "resolved": "4.5.2",
        "contentHash": "4KRG2/moKisPet2H9YNqkryi4YtAozKlZw8Mgn1Z4LcR1N6iVoIh/FaxfzkX5X+LgmaEJpjTldv/qN6km0Iuyg==",
        "dependencies": {
          "Newtonsoft.Json": "13.0.2"
        }
      },
      "FFMpegCore": {
        "type": "Transitive",
        "resolved": "5.4.0",
        "contentHash": "nymhPWpwvBaB4fOqf0thxg7Inm8SrruFQLdCMFEDKD8S3hy0/iV2vuKaJvaL9ZnbJx/2rJCHnJXOymo2apXovg==",
        "dependencies": {
          "Instances": "3.0.2"
        }
      },
      "Instances": {
        "type": "Transitive",
        "resolved": "3.0.2",
        "contentHash": "LfhegDpmA8PuHW58RmgVvCDG/mfVCTU+Vhy4ppmXLJfAer33Xl0NocDy92OwSL6CnkVdx41O/I0+BjNhU1JtMQ=="
      },
      "JWT": {
        "type": "Transitive",
        "resolved": "11.1.0",
        "contentHash": "GbmNr2WUyY3Ma0rwuvmTDnE5tIV8gFNDWeua9Fn54HwrpvGfwQzi7HtEAnMgI4quf4MuJr0iwPkt9sKrNCq1Tg==",
        "dependencies": {
          "Newtonsoft.Json": "13.0.4"
        }
      },
      "libsodium": {
        "type": "Transitive",
        "resolved": "1.0.22",
        "contentHash": "KPD9SloJFclrsjnhABu7dzWrcyYkwPbvx5l1gRSPAX/0n+OBtSiVCKtGFv4n+ecWUHU0tCG9LSSwoZZx673zBQ=="
      },
      "Microsoft.Bcl.AsyncInterfaces": {
        "type": "Transitive",
        "resolved": "1.1.0",
        "contentHash": "1Am6l4Vpn3/K32daEqZI+FFr96OlZkgwK2LcT3pZ2zWubR5zTPW3/FkO1Rat9kb7oQOa4rxgl9LJHc5tspCWfg=="
      },
      "Microsoft.Extensions.ApiDescription.Server": {
        "type": "Transitive",
        "resolved": "10.0.0",
        "contentHash": "NCWCGiwRwje8773yzPQhvucYnnfeR+ZoB1VRIrIMp4uaeUNw7jvEPHij3HIbwCDuNCrNcphA00KSAR9yD9qmbg=="
      },
      "Microsoft.OpenApi": {
        "type": "Transitive",
        "resolved": "2.7.5",
        "contentHash": "0FA67RSnRM4tcBKqiqVu/HPdZ9+QOKbmeRjxRUGTCjPU4C0bmUhd97Dso7Yild5P7nOV6GxJ2xrK0Kv/O9xp0w=="
      },
      "NAudio": {
        "type": "Transitive",
        "resolved": "2.3.0",
        "contentHash": "xN+Lzlu9DmXqBiL6XkP0VZmgTxZPdSGjVSWtKG9HKuar3LhIYNOIYQETieigS+QDS+nrs1QmHbBWWOru0nWA5A==",
        "dependencies": {
          "NAudio.Asio": "2.3.0",
          "NAudio.Core": "2.3.0",
          "NAudio.Midi": "2.3.0",
          "NAudio.Wasapi": "2.3.0",
          "NAudio.WinMM": "2.3.0"
        }
      },
      "NAudio.Asio": {
        "type": "Transitive",
        "resolved": "2.3.0",
        "contentHash": "I+rAAPT8vmSEw4d4ie+AoSkrvNK6ylRrXznnjQKS+qZgTA9Jnt1Pxe0EaU8nXxOOq5h8ucBSWccBEw6I/J0nkQ==",
        "dependencies": {
          "NAudio.Core": "2.3.0"
        }
      },
      "NAudio.Core": {
        "type": "Transitive",
        "resolved": "2.3.0",
        "contentHash": "jMd7r6dB6tAtXhOYL58ntPqwERNm1/Rhw5MKOIYvsnXzuX+PTGsa2VMam6n0npZYSwlSidKa4GAm4bFcXFUlcg=="
      },
      "NAudio.Midi": {
        "type": "Transitive",
        "resolved": "2.3.0",
        "contentHash": "t8wvPFPHHQOHhoNMCaDE8OiYZoJuxmY4H6UPBtmnf+xx7oQuajFCqlG4Q00ID+tiEyj471WeVb4Nkylr4tDoow==",
        "dependencies": {
          "NAudio.Core": "2.3.0"
        }
      },
      "NAudio.Wasapi": {
        "type": "Transitive",
        "resolved": "2.3.0",
        "contentHash": "y5K2BxrLnvohgu5znzg5wRsai3YcuNXfrpo68i7PmCQqpK5MC/R24e5aO3OyN/XhfRr12e0QYV0OnUWEHi5SzA==",
        "dependencies": {
          "NAudio.Core": "2.3.0"
        }
      },
      "NAudio.WinMM": {
        "type": "Transitive",
        "resolved": "2.3.0",
        "contentHash": "5G1dRjsZm50T3luyuqcmI2BSvj3K4ZJaD/x776/0Epj88qOsOryDZG40+MufwIk1UFJSFWhRobBqtJYFc8Ss4g==",
        "dependencies": {
          "NAudio.Core": "2.3.0"
        }
      },
      "NetVips": {
        "type": "Transitive",
        "resolved": "3.2.0",
        "contentHash": "ixVatHjsFBBvtKXYwH8jz8nF6OQIhl2e/P0N8ByGaZrlPu9VvcVQxX9zBQ13L8fUpMzKv1WXUybqW8wXZdFsCg=="
      },
      "NetVips.Native.linux-x64": {
        "type": "Transitive",
        "resolved": "8.18.4",
        "contentHash": "Xak3RxcEayDjz+teVU2lVDxBIs8c93vEqR8nRQKFoFaj/gFSJBrx0jb+rEuighRauwKzumfjk4KINwWw6R/d8w=="
      },
      "NetVips.Native.win-x64": {
        "type": "Transitive",
        "resolved": "8.18.4",
        "contentHash": "k6IpFlsf6Od0A0OQP+x7hoY7fWr7lldGOudXLIsxm3JRwnkR8qwm9krJZySbTXJPHXqVgN1P3QcAAgjfWTBGjQ=="
      },
      "Newtonsoft.Json": {
        "type": "Transitive",
        "resolved": "13.0.4",
        "contentHash": "pdgNNMai3zv51W5aq268sujXUyx7SNdE2bj1wZcWjAQrKMFZV260lbqYop1d2GM67JI1huLRwxo9ZqnfF/lC6A=="
      },
      "Npgsql": {
        "type": "Transitive",
        "resolved": "10.0.3",
        "contentHash": "7nb5YzXuvWWJxB0J8DiyL3we+X4FOctZrt0fIBnucOIaIevFEEwGQVZKtiu9olXdlNAK1eNgqSral6r/jlhI4w=="
      },
      "OpenTelemetry": {
        "type": "Transitive",
        "resolved": "1.17.0",
        "contentHash": "rMLOTftlMlTm7+MSrvXDHnJRjVkROFNKXHZrYjOsX+LankaFG7QSflx7qRRGjoqZoirohnxmJQ7GEb9occO4Gg==",
        "dependencies": {
          "OpenTelemetry.Api.ProviderBuilderExtensions": "1.17.0"
        }
      },
      "OpenTelemetry.Api": {
        "type": "Transitive",
        "resolved": "1.17.0",
        "contentHash": "mSBxzomZgHIJu9CyVNqyDu/n2JHEtqVgfcCD1Br0cV5iLYogjZOMqhlVLt99PEp+0KGBNUR3GXgeOdN2GR3F9g=="
      },
      "OpenTelemetry.Api.ProviderBuilderExtensions": {
        "type": "Transitive",
        "resolved": "1.17.0",
        "contentHash": "Xgc3Qf9B9TFMFpx6exTdGqMWuYIT2miNzkdMPutVvT9YuMFaEovXWke1Gb6z8NxYaQbbGF38vYLuSg1JCeui5Q==",
        "dependencies": {
          "OpenTelemetry.Api": "1.17.0"
        }
      },
      "OpenTelemetry.Exporter.OpenTelemetryProtocol": {
        "type": "Transitive",
        "resolved": "1.17.0",
        "contentHash": "R1omQOrQpGlS0Cp5UIr/TAiuEA48JrPlgr1NPV5gESiTU7HhWU+ILe2EBSYb1fKdsSavZ7nZkHcUxAzofPqr2A==",
        "dependencies": {
          "OpenTelemetry": "1.17.0"
        }
      },
      "OpenTelemetry.Extensions.Hosting": {
        "type": "Transitive",
        "resolved": "1.17.0",
        "contentHash": "t1OwL/4qgboGMobYVT+UV5zgWnFqCp4Pw8lcsmzh8m2K8PQsTKkyxrC32tqYTMYny3GOW4q5cltE3dTVzLmRew==",
        "dependencies": {
          "OpenTelemetry": "1.17.0"
        }
      },
      "OpenTelemetry.Instrumentation.AspNetCore": {
        "type": "Transitive",
        "resolved": "1.17.0",
        "contentHash": "rGbmk1vuy1kvgZmE0ps7Vb99YZvDap6AalrrF60FwnNit1uW/PbeFZj1cpb0T8MPkYmjhBrRJ1/JB6QqXkRjHA==",
        "dependencies": {
          "OpenTelemetry.Api.ProviderBuilderExtensions": "[1.17.0, 2.0.0)"
        }
      },
      "OpenTelemetry.Instrumentation.Http": {
        "type": "Transitive",
        "resolved": "1.17.0",
        "contentHash": "uTwVtxIJ/xB96wGYTaDsbkJVeCFdUxTwvrlDUn2YJixy0UuKc8DvQMzwKNJMTzNFiiyYO9c40id6tUHTmWs33A==",
        "dependencies": {
          "OpenTelemetry.Api.ProviderBuilderExtensions": "[1.17.0, 2.0.0)"
        }
      },
      "OpenTelemetry.Instrumentation.Runtime": {
        "type": "Transitive",
        "resolved": "1.17.0",
        "contentHash": "HyYenisDn/xdtyVXdjImsCl+RNC2gq01N0rvSR7tsYAylXR2sxX/YgMsyTajMXA27+r1vB7lNU8cWRhV0fwL+Q==",
        "dependencies": {
          "OpenTelemetry.Api": "[1.17.0, 2.0.0)"
        }
      },
      "RedLock.net": {
        "type": "Transitive",
        "resolved": "2.3.2",
        "contentHash": "jlrALAArm4dCE292U3EtRoMnVKJ9M6sunbZn/oG5OuzlGtTpusXBfvDrnGWbgGDlWV027f5E9H5CiVnPxiq8+g==",
        "dependencies": {
          "Microsoft.Bcl.AsyncInterfaces": "1.1.0",
          "StackExchange.Redis": "2.0.513"
        }
      },
      "RESPite": {
        "type": "Transitive",
        "resolved": "3.0.17",
        "contentHash": "68slEMyRTUNLc75DruEDsEohFmFfNwkHLLtwQ46bobF+8Tl+UXMKM1kM87ihhKy6JdAqy1RrvAfvBWeLmcY9Gg=="
      },
      "Sodium.Core": {
        "type": "Transitive",
        "resolved": "1.4.1",
        "contentHash": "K1Xhi20h9H15UPOa6NDNgW81NYN6AAvVT+v0Jz3n1qLS/nqiWzamWCyHyFxgoriCEMA90L1KQbYrIqBH+zKbrg==",
        "dependencies": {
          "libsodium": "[1.0.22, 1.0.23)"
        }
      },
      "StackExchange.Redis": {
        "type": "Transitive",
        "resolved": "3.0.17",
        "contentHash": "ItAm9lokZ1mWsQLF3u4Yw4eb/gvkX6Rp9bLAe1KUKgKAjPkALoQwTc6jJLtBZoOv9LT7RwvSIXZZb9FF30QhOg==",
        "dependencies": {
          "RESPite": "3.0.17",
          "System.IO.Hashing": "10.0.5"
        }
      },
      "Swashbuckle.AspNetCore": {
        "type": "Transitive",
        "resolved": "10.2.3",
        "contentHash": "8KNh1RWvofdU6DVLyBs4Z/OpUMnmf8oNvJQc0QxpwySRbi42bwLfdVMMrXZWANg5U5KQGQq1xW6r/hlcqw99tQ==",
        "dependencies": {
          "Microsoft.Extensions.ApiDescription.Server": "10.0.0",
          "Swashbuckle.AspNetCore.Swagger": "10.2.3",
          "Swashbuckle.AspNetCore.SwaggerGen": "10.2.3",
          "Swashbuckle.AspNetCore.SwaggerUI": "10.2.3"
        }
      },
      "Swashbuckle.AspNetCore.Swagger": {
        "type": "Transitive",
        "resolved": "10.2.3",
        "contentHash": "1jUUs3WQnrS0FUtaZPLSy1yYMEwS1zlvDmvQ2/eldPHUANX0LJSLVZecCMgSMdeGiRqeaRrIXLtSz++TCiTMww==",
        "dependencies": {
          "Microsoft.OpenApi": "2.7.5"
        }
      },
      "Swashbuckle.AspNetCore.SwaggerGen": {
        "type": "Transitive",
        "resolved": "10.2.3",
        "contentHash": "y7t4coDRAeFYChmvlMRiH2OjbiRrm9AVIDgt17fQfs3x9PVAI5PiwWYOhg+4F13R4Q36WDc9lqfoOnNa3tNbGg==",
        "dependencies": {
          "Swashbuckle.AspNetCore.Swagger": "10.2.3"
        }
      },
      "Swashbuckle.AspNetCore.SwaggerUI": {
        "type": "Transitive",
        "resolved": "10.2.3",
        "contentHash": "nthWONRs/FJ4yyG206g1cC52WEG8EqrjuMWjGdR+5XG7lbjFto6NqcI9EMICgVFom/UivIjUVwI76ZHbHwTPfQ=="
      },
      "System.IO.Hashing": {
        "type": "Transitive",
        "resolved": "10.0.5",
        "contentHash": "8IBJWcCT9+e4Bmevm4T7+fQEiAh133KGiz4oiVTgJckd3Q76OFdR1falgn9lpz7+C4HJvogCDJeAa2QmvbeVtg=="
      },
      "TwoFactorAuth.Net": {
        "type": "Transitive",
        "resolved": "1.4.0",
        "contentHash": "dtBcTQAVauQqhD5SvO8YVFM2exiC+Bk1idx+Gh0kOHdvXsPdHICY5qTMLbpc5Mxd+Sy+d9XeF3qFqkyN/V9X+w=="
      },
      "roblox.cache": {
        "type": "Project",
        "dependencies": {
          "Roblox.Metrics": "[1.0.0, )",
          "StackExchange.Redis": "[3.0.17, )"
        }
      },
      "roblox.configuration": {
        "type": "Project"
      },
      "roblox.dto": {
        "type": "Project",
        "dependencies": {
          "Roblox.Logging": "[1.0.0, )",
          "Roblox.Models": "[1.0.0, )"
        }
      },
      "roblox.exceptions": {
        "type": "Project"
      },
      "roblox.libraries": {
        "type": "Project",
        "dependencies": {
          "DSharpPlus": "[4.5.2, )",
          "JWT": "[11.1.0, )",
          "NetVips": "[3.2.0, )",
          "NetVips.Native.linux-x64": "[8.18.4, )",
          "NetVips.Native.win-x64": "[8.18.4, )",
          "Roblox.Logging": "[1.0.0, )",
          "Roblox.Models": "[1.0.0, )",
          "Sodium.Core": "[1.4.1, )"
        }
      },
      "roblox.logging": {
        "type": "Project"
      },
      "roblox.metrics": {
        "type": "Project"
      },
      "roblox.models": {
        "type": "Project",
        "dependencies": {
          "Roblox.Configuration": "[1.0.0, )"
        }
      },
      "roblox.rendering": {
        "type": "Project",
        "dependencies": {
          "NetVips": "[3.2.0, )",
          "NetVips.Native.linux-x64": "[8.18.4, )",
          "NetVips.Native.win-x64": "[8.18.4, )",
          "Roblox.Rendering.Contracts": "[1.0.0, )"
        }
      },
      "roblox.rendering.contracts": {
        "type": "Project"
      },
      "roblox.servicedefaults": {
        "type": "Project",
        "dependencies": {
          "OpenTelemetry.Exporter.OpenTelemetryProtocol": "[1.17.0, )",
          "OpenTelemetry.Extensions.Hosting": "[1.17.0, )",
          "OpenTelemetry.Instrumentation.AspNetCore": "[1.17.0, )",
          "OpenTelemetry.Instrumentation.Http": "[1.17.0, )",
          "OpenTelemetry.Instrumentation.Runtime": "[1.17.0, )",
          "Roblox.Metrics": "[1.0.0, )",
          "Roblox.Services": "[1.0.0, )",
          "Roblox.Web.Infrastructure": "[1.0.0, )",
          "Swashbuckle.AspNetCore": "[10.2.3, )"
        }
      },
      "roblox.services": {
        "type": "Project",
        "dependencies": {
          "AWSSDK.S3": "[4.0.101.3, )",
          "CsvHelper": "[33.1.0, )",
          "Dapper": "[2.1.79, )",
          "Dapper.Contrib": "[2.0.78, )",
          "Dapper.SqlBuilder": "[2.1.66, )",
          "FFMpegCore": "[5.4.0, )",
          "NAudio": "[2.3.0, )",
          "NetVips": "[3.2.0, )",
          "NetVips.Native.linux-x64": "[8.18.4, )",
          "NetVips.Native.win-x64": "[8.18.4, )",
          "Npgsql": "[10.0.3, )",
          "RedLock.net": "[2.3.2, )",
          "Roblox.Cache": "[1.0.0, )",
          "Roblox.Configuration": "[1.0.0, )",
          "Roblox.Dto": "[1.0.0, )",
          "Roblox.Exceptions": "[1.0.0, )",
          "Roblox.Libraries": "[1.0.0, )",
          "Roblox.Logging": "[1.0.0, )",
          "Roblox.Metrics": "[1.0.0, )",
          "Roblox.Models": "[1.0.0, )",
          "Roblox.Rendering": "[1.0.0, )",
          "StackExchange.Redis": "[3.0.17, )",
          "TwoFactorAuth.Net": "[1.4.0, )"
        }
      },
      "roblox.web.infrastructure": {
        "type": "Project",
        "dependencies": {
          "JWT": "[11.1.0, )",
          "Roblox.Configuration": "[1.0.0, )",
          "Roblox.Dto": "[1.0.0, )",
          "Roblox.Exceptions": "[1.0.0, )",
          "Roblox.Libraries": "[1.0.0, )",
          "Roblox.Models": "[1.0.0, )",
          "Roblox.Services": "[1.0.0, )"
        }
      }
    }
  }
}